github.com/knieriem/g v0.1.0/go.mod h1:Cxrkopw+HrVRIxTQzwKvLf0zImHa1q6L0RUElAh3a9k=
github.com/knieriem/g v0.1.1/go.mod h1:Cxrkopw+HrVRIxTQzwKvLf0zImHa1q6L0RUElAh3a9k=
github.com/knieriem/g v0.1.2/go.mod h1:zYg1CmnYJBZ34OwOIRIqoBsvVxbGRjgE4kLQrHz7DBg=
github.com/knieriem/g v0.4.0 h1:Ezf2fUkMMEYeh7Hk2FdzV3VzEbOeuRlWSUWPf9Vrocs=
github.com/knieriem/g v0.4.0/go.mod h1:/Jo8tnfB2j/yQQCwkBbN0sZ2ekRtc9cXYiF4mAbiLAc=
github.com/knieriem/serport v0.2.0/go.mod h1:RDA6f7Ja0aTeLlYhmfE86dpRDn6+9K5bsz17lHjjgvc=
github.com/knieriem/serport v0.3.0 h1:O12jAADg/nuL+lR6qYvfsDaoH5ZPCK+bom03rdZv8G0=
github.com/knieriem/serport v0.3.0/go.mod h1:pDq8MUDNRxx7yx1MSahik8hgfS1pg/KHtAHMNTYMk2A=
github.com/knieriem/serport/interp v0.1.0 h1:O7IByMikLQxInU2Nrv87+XK+fRytetIEqdw6MrMoHWU=
github.com/knieriem/serport/interp v0.1.0/go.mod h1:8mQFYtICEZ+0aVTIKBWC3hgc3eH9aKiJpil3TTJD4uU=
github.com/knieriem/text v0.1.1 h1:soHAOGl9ImS4GnGyXz1ysOflZgRo5mDmqM5av9RxY5Y=
github.com/knieriem/text v0.1.1/go.mod h1:4h57Q3GvItfA7H/EW3wd9i83WEF7CcS0RUesQKw/vu0=
github.com/knieriem/text v0.6.0 h1:1YI8tcCBV8g8udYN1n17kx8fPPxNEFRhI2GUjIvG8Lc=
github.com/knieriem/text v0.6.0/go.mod h1:nFN1r4dWMNr3tq/iqPWvNubGBcVSV41vH7D5lF0FzUs=
github.com/knieriem/vfsutil v0.1.0/go.mod h1:vDmi2mPOtfrWx5UDrPmaErqvaMyTdBnfvPqqIxjP9ik=
github.com/knieriem/vfsutil v0.2.0/go.mod h1:Qjc1UuM923HYETrt+FcEyYZU72+xiR3Ilu37BfzSTFs=
github.com/lionkov/go9p v0.0.0-20180620135904-0a603dd6808a h1:5dYGzewut3Sp6+B7QFKioGh9+BovMF02FLDWja1Qbzo=
github.com/lionkov/go9p v0.0.0-20180620135904-0a603dd6808a/go.mod h1:Nbrxd4FljESFB/bUvzT5xm1VNO2VfzMKSIv4L++4J4U=
golang.org/x/sys v0.0.0-20180727230415-bd9dbc187b6e/go.mod h1:STP8DvDyc/dI5b8T5hshtkjS+E42TnysNCUPdjciGhY=
golang.org/x/sys v0.0.0-20180824143301-4910a1d54f87/go.mod h1:STP8DvDyc/dI5b8T5hshtkjS+E42TnysNCUPdjciGhY=
golang.org/x/sys v0.0.0-20210514084401-e8d321eab015 h1:hZR0X1kPW+nwyJ9xRxqZk1vx5RUObAPBdKVvXPDUH/E=
golang.org/x/sys v0.0.0-20210514084401-e8d321eab015/go.mod h1:oPkhp1MJrh7nUepCBck5+mAzfO9JrbApNNgaTdGDITg=
golang.org/x/tools v0.0.0-20180727195141-8cc4e8a6f484/go.mod h1:n7NCudcB/nEzxVGmLbDWY5pfWTLqBcC2KZ6jyYvM4mQ=
golang.org/x/tools v0.0.0-20180824175216-6c1c5e93cdc1/go.mod h1:n7NCudcB/nEzxVGmLbDWY5pfWTLqBcC2KZ6jyYvM4mQ=
