github.com/knieriem/g v0.1.0/go.mod h1:Cxrkopw+HrVRIxTQzwKvLf0zImHa1q6L0RUElAh3a9k=
github.com/knieriem/g v0.2.0-beta1 h1:GbSRZJh9zDCkOtCJhSEvMf69kp3bwhQnsPisCuS25UQ=
github.com/knieriem/g v0.2.0-beta1/go.mod h1:Z8Ze1gEpwzzniI/U9oaFsuyjRW26UToqDP5cFrcIoKI=
github.com/knieriem/text v0.1.1 h1:soHAOGl9ImS4GnGyXz1ysOflZgRo5mDmqM5av9RxY5Y=
github.com/knieriem/text v0.1.1/go.mod h1:4h57Q3GvItfA7H/EW3wd9i83WEF7CcS0RUesQKw/vu0=
github.com/knieriem/vfsutil v0.1.0/go.mod h1:vDmi2mPOtfrWx5UDrPmaErqvaMyTdBnfvPqqIxjP9ik=
github.com/lionkov/go9p v0.0.0-20180620135904-0a603dd6808a h1:5dYGzewut3Sp6+B7QFKioGh9+BovMF02FLDWja1Qbzo=
github.com/lionkov/go9p v0.0.0-20180620135904-0a603dd6808a/go.mod h1:Nbrxd4FljESFB/bUvzT5xm1VNO2VfzMKSIv4L++4J4U=
golang.org/x/sys v0.0.0-20210412220455-f1c623a9e750 h1:ZBu6861dZq7xBnG1bn5SRU0vA8nx42at4+kP07FMTog=
golang.org/x/sys v0.0.0-20210412220455-f1c623a9e750/go.mod h1:h1NjWce9XRLGQEsW7wpKNCjG9DtNlClVuFLEZdDNbEs=
golang.org/x/tools v0.0.0-20180727195141-8cc4e8a6f484/go.mod h1:n7NCudcB/nEzxVGmLbDWY5pfWTLqBcC2KZ6jyYvM4mQ=
